// !$*UTF8*$!
{
	archiveVersion = 1;
	classes = {
	};
	objectVersion = 51;
	objects = {

/* Begin PBXBuildFile section */
		109C2506267897000073D78C /* AppDelegate.swift in Sources */ = {isa = PBXBuildFile; fileRef = 109C2505267897000073D78C /* AppDelegate.swift */; };
		109C2508267897000073D78C /* SceneDelegate.swift in Sources */ = {isa = PBXBuildFile; fileRef = 109C2507267897000073D78C /* SceneDelegate.swift */; };
		109C250A267897000073D78C /* ImageGridViewController.swift in Sources */ = {isa = PBXBuildFile; fileRef = 109C2509267897000073D78C /* ImageGridViewController.swift */; };
		109C250D267897000073D78C /* Main.storyboard in Resources */ = {isa = PBXBuildFile; fileRef = 109C250B267897000073D78C /* Main.storyboard */; };
		109C250F267897010073D78C /* Assets.xcassets in Resources */ = {isa = PBXBuildFile; fileRef = 109C250E267897010073D78C /* Assets.xcassets */; };
		109C2512267897010073D78C /* LaunchScreen.storyboard in Resources */ = {isa = PBXBuildFile; fileRef = 109C2510267897010073D78C /* LaunchScreen.storyboard */; };
		109C251D267897010073D78C /* ImageGalleryTests.swift in Sources */ = {isa = PBXBuildFile; fileRef = 109C251C267897010073D78C /* ImageGalleryTests.swift */; };
		109C2528267897010073D78C /* ImageGalleryUITests.swift in Sources */ = {isa = PBXBuildFile; fileRef = 109C2527267897010073D78C /* ImageGalleryUITests.swift */; };
		109C253B267898670073D78C /* NetworkService.swift in Sources */ = {isa = PBXBuildFile; fileRef = 109C253A267898670073D78C /* NetworkService.swift */; };
		109C253E26789DC40073D78C /* APIRequestRouter.swift in Sources */ = {isa = PBXBuildFile; fileRef = 109C253D26789DC40073D78C /* APIRequestRouter.swift */; };
		109C254026789E000073D78C /* RequestRetrier.swift in Sources */ = {isa = PBXBuildFile; fileRef = 109C253F26789E000073D78C /* RequestRetrier.swift */; };
		109C25462678A1EF0073D78C /* AuthorizationRouter.swift in Sources */ = {isa = PBXBuildFile; fileRef = 109C25452678A1EF0073D78C /* AuthorizationRouter.swift */; };
		109C25482678A2A20073D78C /* AuthorizationResponse.swift in Sources */ = {isa = PBXBuildFile; fileRef = 109C25472678A2A20073D78C /* AuthorizationResponse.swift */; };
		109C254A2678A3140073D78C /* AuthorizationService.swift in Sources */ = {isa = PBXBuildFile; fileRef = 109C25492678A3140073D78C /* AuthorizationService.swift */; };
		109C254C2678A39B0073D78C /* Constants.swift in Sources */ = {isa = PBXBuildFile; fileRef = 109C254B2678A39B0073D78C /* Constants.swift */; };
		109C254F2678A4F80073D78C /* DataFetchingRouter.swift in Sources */ = {isa = PBXBuildFile; fileRef = 109C254E2678A4F80073D78C /* DataFetchingRouter.swift */; };
		109C25512678A6470073D78C /* DataFetchingService.swift in Sources */ = {isa = PBXBuildFile; fileRef = 109C25502678A6470073D78C /* DataFetchingService.swift */; };
		109C25532678A6B80073D78C /* FetchImagesResponse.swift in Sources */ = {isa = PBXBuildFile; fileRef = 109C25522678A6B80073D78C /* FetchImagesResponse.swift */; };
		109C25562678AA190073D78C /* Dependencies.swift in Sources */ = {isa = PBXBuildFile; fileRef = 109C25552678AA190073D78C /* Dependencies.swift */; };
		109C25582678AC060073D78C /* ImageGridViewInteractor.swift in Sources */ = {isa = PBXBuildFile; fileRef = 109C25572678AC060073D78C /* ImageGridViewInteractor.swift */; };
		109C255A2678AD4B0073D78C /* ImageGridViewPresenter.swift in Sources */ = {isa = PBXBuildFile; fileRef = 109C25592678AD4B0073D78C /* ImageGridViewPresenter.swift */; };
		109C255C2678B46B0073D78C /* ImageGridViewController+DataSource.swift in Sources */ = {isa = PBXBuildFile; fileRef = 109C255B2678B46B0073D78C /* ImageGridViewController+DataSource.swift */; };
		109C25602678B5220073D78C /* PictureCollectionViewCell.swift in Sources */ = {isa = PBXBuildFile; fileRef = 109C255F2678B5220073D78C /* PictureCollectionViewCell.swift */; };
		109C25642678C23B0073D78C /* PictureDetailsViewController.swift in Sources */ = {isa = PBXBuildFile; fileRef = 109C25632678C23B0073D78C /* PictureDetailsViewController.swift */; };
		109C25662678C2F20073D78C /* PictureDetailsPresenter.swift in Sources */ = {isa = PBXBuildFile; fileRef = 109C25652678C2F20073D78C /* PictureDetailsPresenter.swift */; };
		109C25682678C41D0073D78C /* ImageGridRouter.swift in Sources */ = {isa = PBXBuildFile; fileRef = 109C25672678C41D0073D78C /* ImageGridRouter.swift */; };
		109C256A2678C5C10073D78C /* PictureDetailsInteractor.swift in Sources */ = {isa = PBXBuildFile; fileRef = 109C25692678C5C10073D78C /* PictureDetailsInteractor.swift */; };
		109C256C2678C86D0073D78C /* DetailedPicture.swift in Sources */ = {isa = PBXBuildFile; fileRef = 109C256B2678C86D0073D78C /* DetailedPicture.swift */; };
		109C256E2678CE440073D78C /* AlertShowable.swift in Sources */ = {isa = PBXBuildFile; fileRef = 109C256D2678CE440073D78C /* AlertShowable.swift */; };
		CE7CED1F58D149F13C7407BB /* Pods_ImageGallery.framework in Frameworks */ = {isa = PBXBuildFile; fileRef = 9BAB5A2434CC874139BA2C29 /* Pods_ImageGallery.framework */; };
/* End PBXBuildFile section */

/* Begin PBXContainerItemProxy section */
		109C2519267897010073D78C /* PBXContainerItemProxy */ = {
			isa = PBXContainerItemProxy;
			containerPortal = 109C24FA267897000073D78C /* Project object */;
			proxyType = 1;
			remoteGlobalIDString = 109C2501267897000073D78C;
			remoteInfo = ImageGallery;
		};
		109C2524267897010073D78C /* PBXContainerItemProxy */ = {
			isa = PBXContainerItemProxy;
			containerPortal = 109C24FA267897000073D78C /* Project object */;
			proxyType = 1;
			remoteGlobalIDString = 109C2501267897000073D78C;
			remoteInfo = ImageGallery;
		};
/* End PBXContainerItemProxy section */

/* Begin PBXFileReference section */
		0629C10615B980562BFF4F9D /* Pods-ImageGallery.debug.xcconfig */ = {isa = PBXFileReference; includeInIndex = 1; lastKnownFileType = text.xcconfig; name = "Pods-ImageGallery.debug.xcconfig"; path = "Target Support Files/Pods-ImageGallery/Pods-ImageGallery.debug.xcconfig"; sourceTree = "<group>"; };
		109C2502267897000073D78C /* ImageGallery.app */ = {isa = PBXFileReference; explicitFileType = wrapper.application; includeInIndex = 0; path = ImageGallery.app; sourceTree = BUILT_PRODUCTS_DIR; };
		109C2505267897000073D78C /* AppDelegate.swift */ = {isa = PBXFileReference; lastKnownFileType = sourcecode.swift; path = AppDelegate.swift; sourceTree = "<group>"; };
		109C2507267897000073D78C /* SceneDelegate.swift */ = {isa = PBXFileReference; lastKnownFileType = sourcecode.swift; path = SceneDelegate.swift; sourceTree = "<group>"; };
		109C2509267897000073D78C /* ImageGridViewController.swift */ = {isa = PBXFileReference; lastKnownFileType = sourcecode.swift; path = ImageGridViewController.swift; sourceTree = "<group>"; };
		109C250C267897000073D78C /* Base */ = {isa = PBXFileReference; lastKnownFileType = file.storyboard; name = Base; path = Base.lproj/Main.storyboard; sourceTree = "<group>"; };
		109C250E267897010073D78C /* Assets.xcassets */ = {isa = PBXFileReference; lastKnownFileType = folder.assetcatalog; path = Assets.xcassets; sourceTree = "<group>"; };
		109C2511267897010073D78C /* Base */ = {isa = PBXFileReference; lastKnownFileType = file.storyboard; name = Base; path = Base.lproj/LaunchScreen.storyboard; sourceTree = "<group>"; };
		109C2513267897010073D78C /* Info.plist */ = {isa = PBXFileReference; lastKnownFileType = text.plist.xml; path = Info.plist; sourceTree = "<group>"; };
		109C2518267897010073D78C /* ImageGalleryTests.xctest */ = {isa = PBXFileReference; explicitFileType = wrapper.cfbundle; includeInIndex = 0; path = ImageGalleryTests.xctest; sourceTree = BUILT_PRODUCTS_DIR; };
		109C251C267897010073D78C /* ImageGalleryTests.swift */ = {isa = PBXFileReference; lastKnownFileType = sourcecode.swift; path = ImageGalleryTests.swift; sourceTree = "<group>"; };
		109C251E267897010073D78C /* Info.plist */ = {isa = PBXFileReference; lastKnownFileType = text.plist.xml; path = Info.plist; sourceTree = "<group>"; };
		109C2523267897010073D78C /* ImageGalleryUITests.xctest */ = {isa = PBXFileReference; explicitFileType = wrapper.cfbundle; includeInIndex = 0; path = ImageGalleryUITests.xctest; sourceTree = BUILT_PRODUCTS_DIR; };
		109C2527267897010073D78C /* ImageGalleryUITests.swift */ = {isa = PBXFileReference; lastKnownFileType = sourcecode.swift; path = ImageGalleryUITests.swift; sourceTree = "<group>"; };
		109C2529267897010073D78C /* Info.plist */ = {isa = PBXFileReference; lastKnownFileType = text.plist.xml; path = Info.plist; sourceTree = "<group>"; };
		109C253A267898670073D78C /* NetworkService.swift */ = {isa = PBXFileReference; lastKnownFileType = sourcecode.swift; path = NetworkService.swift; sourceTree = "<group>"; };
		109C253D26789DC40073D78C /* APIRequestRouter.swift */ = {isa = PBXFileReference; lastKnownFileType = sourcecode.swift; path = APIRequestRouter.swift; sourceTree = "<group>"; };
		109C253F26789E000073D78C /* RequestRetrier.swift */ = {isa = PBXFileReference; lastKnownFileType = sourcecode.swift; path = RequestRetrier.swift; sourceTree = "<group>"; };
		109C25452678A1EF0073D78C /* AuthorizationRouter.swift */ = {isa = PBXFileReference; lastKnownFileType = sourcecode.swift; path = AuthorizationRouter.swift; sourceTree = "<group>"; };
		109C25472678A2A20073D78C /* AuthorizationResponse.swift */ = {isa = PBXFileReference; lastKnownFileType = sourcecode.swift; path = AuthorizationResponse.swift; sourceTree = "<group>"; };
		109C25492678A3140073D78C /* AuthorizationService.swift */ = {isa = PBXFileReference; lastKnownFileType = sourcecode.swift; path = AuthorizationService.swift; sourceTree = "<group>"; };
		109C254B2678A39B0073D78C /* Constants.swift */ = {isa = PBXFileReference; lastKnownFileType = sourcecode.swift; path = Constants.swift; sourceTree = "<group>"; };
		109C254E2678A4F80073D78C /* DataFetchingRouter.swift */ = {isa = PBXFileReference; lastKnownFileType = sourcecode.swift; path = DataFetchingRouter.swift; sourceTree = "<group>"; };
		109C25502678A6470073D78C /* DataFetchingService.swift */ = {isa = PBXFileReference; lastKnownFileType = sourcecode.swift; path = DataFetchingService.swift; sourceTree = "<group>"; };
		109C25522678A6B80073D78C /* FetchImagesResponse.swift */ = {isa = PBXFileReference; lastKnownFileType = sourcecode.swift; path = FetchImagesResponse.swift; sourceTree = "<group>"; };
		109C25552678AA190073D78C /* Dependencies.swift */ = {isa = PBXFileReference; lastKnownFileType = sourcecode.swift; path = Dependencies.swift; sourceTree = "<group>"; };
		109C25572678AC060073D78C /* ImageGridViewInteractor.swift */ = {isa = PBXFileReference; lastKnownFileType = sourcecode.swift; path = ImageGridViewInteractor.swift; sourceTree = "<group>"; };
		109C25592678AD4B0073D78C /* ImageGridViewPresenter.swift */ = {isa = PBXFileReference; lastKnownFileType = sourcecode.swift; path = ImageGridViewPresenter.swift; sourceTree = "<group>"; };
		109C255B2678B46B0073D78C /* ImageGridViewController+DataSource.swift */ = {isa = PBXFileReference; lastKnownFileType = sourcecode.swift; path = "ImageGridViewController+DataSource.swift"; sourceTree = "<group>"; };
		109C255F2678B5220073D78C /* PictureCollectionViewCell.swift */ = {isa = PBXFileReference; lastKnownFileType = sourcecode.swift; path = PictureCollectionViewCell.swift; sourceTree = "<group>"; };
		109C25632678C23B0073D78C /* PictureDetailsViewController.swift */ = {isa = PBXFileReference; lastKnownFileType = sourcecode.swift; path = PictureDetailsViewController.swift; sourceTree = "<group>"; };
		109C25652678C2F20073D78C /* PictureDetailsPresenter.swift */ = {isa = PBXFileReference; lastKnownFileType = sourcecode.swift; path = PictureDetailsPresenter.swift; sourceTree = "<group>"; };
		109C25672678C41D0073D78C /* ImageGridRouter.swift */ = {isa = PBXFileReference; lastKnownFileType = sourcecode.swift; path = ImageGridRouter.swift; sourceTree = "<group>"; };
		109C25692678C5C10073D78C /* PictureDetailsInteractor.swift */ = {isa = PBXFileReference; lastKnownFileType = sourcecode.swift; path = PictureDetailsInteractor.swift; sourceTree = "<group>"; };
		109C256B2678C86D0073D78C /* DetailedPicture.swift */ = {isa = PBXFileReference; lastKnownFileType = sourcecode.swift; path = DetailedPicture.swift; sourceTree = "<group>"; };
		109C256D2678CE440073D78C /* AlertShowable.swift */ = {isa = PBXFileReference; lastKnownFileType = sourcecode.swift; path = AlertShowable.swift; sourceTree = "<group>"; };
		2DA24A8A7C7CF706630BB78E /* Pods-ImageGallery.release.xcconfig */ = {isa = PBXFileReference; includeInIndex = 1; lastKnownFileType = text.xcconfig; name = "Pods-ImageGallery.release.xcconfig"; path = "Target Support Files/Pods-ImageGallery/Pods-ImageGallery.release.xcconfig"; sourceTree = "<group>"; };
		9BAB5A2434CC874139BA2C29 /* Pods_ImageGallery.framework */ = {isa = PBXFileReference; explicitFileType = wrapper.framework; includeInIndex = 0; path = Pods_ImageGallery.framework; sourceTree = BUILT_PRODUCTS_DIR; };
/* End PBXFileReference section */

/* Begin PBXFrameworksBuildPhase section */
		109C24FF267897000073D78C /* Frameworks */ = {
			isa = PBXFrameworksBuildPhase;
			buildActionMask = 2147483647;
			files = (
				CE7CED1F58D149F13C7407BB /* Pods_ImageGallery.framework in Frameworks */,
			);
			runOnlyForDeploymentPostprocessing = 0;
		};
		109C2515267897010073D78C /* Frameworks */ = {
			isa = PBXFrameworksBuildPhase;
			buildActionMask = 2147483647;
			files = (
			);
			runOnlyForDeploymentPostprocessing = 0;
		};
		109C2520267897010073D78C /* Frameworks */ = {
			isa = PBXFrameworksBuildPhase;
			buildActionMask = 2147483647;
			files = (
			);
			runOnlyForDeploymentPostprocessing = 0;
		};
/* End PBXFrameworksBuildPhase section */

/* Begin PBXGroup section */
		0A4E224219A744B06B500355 /* Pods */ = {
			isa = PBXGroup;
			children = (
				0629C10615B980562BFF4F9D /* Pods-ImageGallery.debug.xcconfig */,
				2DA24A8A7C7CF706630BB78E /* Pods-ImageGallery.release.xcconfig */,
			);
			path = Pods;
			sourceTree = "<group>";
		};
		109C24F9267897000073D78C = {
			isa = PBXGroup;
			children = (
				109C2504267897000073D78C /* ImageGallery */,
				109C251B267897010073D78C /* ImageGalleryTests */,
				109C2526267897010073D78C /* ImageGalleryUITests */,
				109C2503267897000073D78C /* Products */,
				0A4E224219A744B06B500355 /* Pods */,
				533DA6182A2225172F41B9BF /* Frameworks */,
			);
			sourceTree = "<group>";
		};
		109C2503267897000073D78C /* Products */ = {
			isa = PBXGroup;
			children = (
				109C2502267897000073D78C /* ImageGallery.app */,
				109C2518267897010073D78C /* ImageGalleryTests.xctest */,
				109C2523267897010073D78C /* ImageGalleryUITests.xctest */,
			);
			name = Products;
			sourceTree = "<group>";
		};
		109C2504267897000073D78C /* ImageGallery */ = {
			isa = PBXGroup;
			children = (
				109C2513267897010073D78C /* Info.plist */,
				109C250E267897010073D78C /* Assets.xcassets */,
				109C2505267897000073D78C /* AppDelegate.swift */,
				109C2507267897000073D78C /* SceneDelegate.swift */,
				109C254B2678A39B0073D78C /* Constants.swift */,
				109C25542678AA090073D78C /* Dependencies */,
				109C25382678980B0073D78C /* Models */,
				109C2539267898130073D78C /* Services */,
				109C2535267897340073D78C /* UI */,
			);
			path = ImageGallery;
			sourceTree = "<group>";
		};
		109C251B267897010073D78C /* ImageGalleryTests */ = {
			isa = PBXGroup;
			children = (
				109C251C267897010073D78C /* ImageGalleryTests.swift */,
				109C251E267897010073D78C /* Info.plist */,
			);
			path = ImageGalleryTests;
			sourceTree = "<group>";
		};
		109C2526267897010073D78C /* ImageGalleryUITests */ = {
			isa = PBXGroup;
			children = (
				109C2527267897010073D78C /* ImageGalleryUITests.swift */,
				109C2529267897010073D78C /* Info.plist */,
			);
			path = ImageGalleryUITests;
			sourceTree = "<group>";
		};
		109C2535267897340073D78C /* UI */ = {
			isa = PBXGroup;
			children = (
				109C256D2678CE440073D78C /* AlertShowable.swift */,
				109C25362678973C0073D78C /* Storyboards */,
				109C2537267897450073D78C /* ViewControllers */,
			);
			path = UI;
			sourceTree = "<group>";
		};
		109C25362678973C0073D78C /* Storyboards */ = {
			isa = PBXGroup;
			children = (
				109C250B267897000073D78C /* Main.storyboard */,
				109C2510267897010073D78C /* LaunchScreen.storyboard */,
			);
			path = Storyboards;
			sourceTree = "<group>";
		};
		109C2537267897450073D78C /* ViewControllers */ = {
			isa = PBXGroup;
			children = (
				109C25612678C0110073D78C /* GridView */,
				109C25622678C01E0073D78C /* PictureDetails */,
			);
			path = ViewControllers;
			sourceTree = "<group>";
		};
		109C25382678980B0073D78C /* Models */ = {
			isa = PBXGroup;
			children = (
			);
			path = Models;
			sourceTree = "<group>";
		};
		109C2539267898130073D78C /* Services */ = {
			isa = PBXGroup;
			children = (
				109C25442678A1D40073D78C /* Authorization */,
				109C254D2678A4CE0073D78C /* DataFetching */,
				109C253C26789DAA0073D78C /* Networking */,
			);
			path = Services;
			sourceTree = "<group>";
		};
		109C253C26789DAA0073D78C /* Networking */ = {
			isa = PBXGroup;
			children = (
				109C253D26789DC40073D78C /* APIRequestRouter.swift */,
				109C253A267898670073D78C /* NetworkService.swift */,
				109C253F26789E000073D78C /* RequestRetrier.swift */,
			);
			path = Networking;
			sourceTree = "<group>";
		};
		109C25442678A1D40073D78C /* Authorization */ = {
			isa = PBXGroup;
			children = (
				109C25452678A1EF0073D78C /* AuthorizationRouter.swift */,
				109C25472678A2A20073D78C /* AuthorizationResponse.swift */,
				109C25492678A3140073D78C /* AuthorizationService.swift */,
			);
			path = Authorization;
			sourceTree = "<group>";
		};
		109C254D2678A4CE0073D78C /* DataFetching */ = {
			isa = PBXGroup;
			children = (
				109C254E2678A4F80073D78C /* DataFetchingRouter.swift */,
				109C25502678A6470073D78C /* DataFetchingService.swift */,
				109C25522678A6B80073D78C /* FetchImagesResponse.swift */,
				109C256B2678C86D0073D78C /* DetailedPicture.swift */,
			);
			path = DataFetching;
			sourceTree = "<group>";
		};
		109C25542678AA090073D78C /* Dependencies */ = {
			isa = PBXGroup;
			children = (
				109C25552678AA190073D78C /* Dependencies.swift */,
			);
			path = Dependencies;
			sourceTree = "<group>";
		};
		109C255E2678B4F30073D78C /* CollectionViewCells */ = {
			isa = PBXGroup;
			children = (
				109C255F2678B5220073D78C /* PictureCollectionViewCell.swift */,
			);
			path = CollectionViewCells;
			sourceTree = "<group>";
		};
		109C25612678C0110073D78C /* GridView */ = {
			isa = PBXGroup;
			children = (
				109C25672678C41D0073D78C /* ImageGridRouter.swift */,
				109C2509267897000073D78C /* ImageGridViewController.swift */,
				109C255B2678B46B0073D78C /* ImageGridViewController+DataSource.swift */,
				109C25572678AC060073D78C /* ImageGridViewInteractor.swift */,
				109C25592678AD4B0073D78C /* ImageGridViewPresenter.swift */,
				109C255E2678B4F30073D78C /* CollectionViewCells */,
			);
			path = GridView;
			sourceTree = "<group>";
		};
		109C25622678C01E0073D78C /* PictureDetails */ = {
			isa = PBXGroup;
			children = (
				109C25632678C23B0073D78C /* PictureDetailsViewController.swift */,
				109C25652678C2F20073D78C /* PictureDetailsPresenter.swift */,
				109C25692678C5C10073D78C /* PictureDetailsInteractor.swift */,
			);
			path = PictureDetails;
			sourceTree = "<group>";
		};
		533DA6182A2225172F41B9BF /* Frameworks */ = {
			isa = PBXGroup;
			children = (
				9BAB5A2434CC874139BA2C29 /* Pods_ImageGallery.framework */,
			);
			name = Frameworks;
			sourceTree = "<group>";
		};
/* End PBXGroup section */

/* Begin PBXNativeTarget section */
		109C2501267897000073D78C /* ImageGallery */ = {
			isa = PBXNativeTarget;
			buildConfigurationList = 109C252C267897010073D78C /* Build configuration list for PBXNativeTarget "ImageGallery" */;
			buildPhases = (
				8F5AD14B955D728EB2C135CF /* [CP] Check Pods Manifest.lock */,
				109C24FE267897000073D78C /* Sources */,
				109C24FF267897000073D78C /* Frameworks */,
				109C2500267897000073D78C /* Resources */,
				FBDA3352EAF2734A1BD8CDBF /* [CP] Embed Pods Frameworks */,
			);
			buildRules = (
			);
			dependencies = (
			);
			name = ImageGallery;
			productName = ImageGallery;
			productReference = 109C2502267897000073D78C /* ImageGallery.app */;
			productType = "com.apple.product-type.application";
		};
		109C2517267897010073D78C /* ImageGalleryTests */ = {
			isa = PBXNativeTarget;
			buildConfigurationList = 109C252F267897010073D78C /* Build configuration list for PBXNativeTarget "ImageGalleryTests" */;
			buildPhases = (
				109C2514267897010073D78C /* Sources */,
				109C2515267897010073D78C /* Frameworks */,
				109C2516267897010073D78C /* Resources */,
			);
			buildRules = (
			);
			dependencies = (
				109C251A267897010073D78C /* PBXTargetDependency */,
			);
			name = ImageGalleryTests;
			productName = ImageGalleryTests;
			productReference = 109C2518267897010073D78C /* ImageGalleryTests.xctest */;
			productType = "com.apple.product-type.bundle.unit-test";
		};
		109C2522267897010073D78C /* ImageGalleryUITests */ = {
			isa = PBXNativeTarget;
			buildConfigurationList = 109C2532267897010073D78C /* Build configuration list for PBXNativeTarget "ImageGalleryUITests" */;
			buildPhases = (
				109C251F267897010073D78C /* Sources */,
				109C2520267897010073D78C /* Frameworks */,
				109C2521267897010073D78C /* Resources */,
			);
			buildRules = (
			);
			dependencies = (
				109C2525267897010073D78C /* PBXTargetDependency */,
			);
			name = ImageGalleryUITests;
			productName = ImageGalleryUITests;
			productReference = 109C2523267897010073D78C /* ImageGalleryUITests.xctest */;
			productType = "com.apple.product-type.bundle.ui-testing";
		};
/* End PBXNativeTarget section */

/* Begin PBXProject section */
		109C24FA267897000073D78C /* Project object */ = {
			isa = PBXProject;
			attributes = {
				LastSwiftUpdateCheck = 1250;
				LastUpgradeCheck = 1250;
				TargetAttributes = {
					109C2501267897000073D78C = {
						CreatedOnToolsVersion = 12.5;
					};
					109C2517267897010073D78C = {
						CreatedOnToolsVersion = 12.5;
						TestTargetID = 109C2501267897000073D78C;
					};
					109C2522267897010073D78C = {
						CreatedOnToolsVersion = 12.5;
						TestTargetID = 109C2501267897000073D78C;
					};
				};
			};
			buildConfigurationList = 109C24FD267897000073D78C /* Build configuration list for PBXProject "ImageGallery" */;
			compatibilityVersion = "Xcode 9.3";
			developmentRegion = en;
			hasScannedForEncodings = 0;
			knownRegions = (
				en,
				Base,
			);
			mainGroup = 109C24F9267897000073D78C;
			productRefGroup = 109C2503267897000073D78C /* Products */;
			projectDirPath = "";
			projectRoot = "";
			targets = (
				109C2501267897000073D78C /* ImageGallery */,
				109C2517267897010073D78C /* ImageGalleryTests */,
				109C2522267897010073D78C /* ImageGalleryUITests */,
			);
		};
/* End PBXProject section */

/* Begin PBXResourcesBuildPhase section */
		109C2500267897000073D78C /* Resources */ = {
			isa = PBXResourcesBuildPhase;
			buildActionMask = 2147483647;
			files = (
				109C2512267897010073D78C /* LaunchScreen.storyboard in Resources */,
				109C250F267897010073D78C /* Assets.xcassets in Resources */,
				109C250D267897000073D78C /* Main.storyboard in Resources */,
			);
			runOnlyForDeploymentPostprocessing = 0;
		};
		109C2516267897010073D78C /* Resources */ = {
			isa = PBXResourcesBuildPhase;
			buildActionMask = 2147483647;
			files = (
			);
			runOnlyForDeploymentPostprocessing = 0;
		};
		109C2521267897010073D78C /* Resources */ = {
			isa = PBXResourcesBuildPhase;
			buildActionMask = 2147483647;
			files = (
			);
			runOnlyForDeploymentPostprocessing = 0;
		};
/* End PBXResourcesBuildPhase section */

/* Begin PBXShellScriptBuildPhase section */
		8F5AD14B955D728EB2C135CF /* [CP] Check Pods Manifest.lock */ = {
			isa = PBXShellScriptBuildPhase;
			buildActionMask = 2147483647;
			files = (
			);
			inputFileListPaths = (
			);
			inputPaths = (
				"${PODS_PODFILE_DIR_PATH}/Podfile.lock",
				"${PODS_ROOT}/Manifest.lock",
			);
			name = "[CP] Check Pods Manifest.lock";
			outputFileListPaths = (
			);
			outputPaths = (
				"$(DERIVED_FILE_DIR)/Pods-ImageGallery-checkManifestLockResult.txt",
			);
			runOnlyForDeploymentPostprocessing = 0;
			shellPath = /bin/sh;
			shellScript = "diff \"${PODS_PODFILE_DIR_PATH}/Podfile.lock\" \"${PODS_ROOT}/Manifest.lock\" > /dev/null\nif [ $? != 0 ] ; then\n    # print error to STDERR\n    echo \"error: The sandbox is not in sync with the Podfile.lock. Run 'pod install' or update your CocoaPods installation.\" >&2\n    exit 1\nfi\n# This output is used by Xcode 'outputs' to avoid re-running this script phase.\necho \"SUCCESS\" > \"${SCRIPT_OUTPUT_FILE_0}\"\n";
			showEnvVarsInLog = 0;
		};
		FBDA3352EAF2734A1BD8CDBF /* [CP] Embed Pods Frameworks */ = {
			isa = PBXShellScriptBuildPhase;
			buildActionMask = 2147483647;
			files = (
			);
			inputFileListPaths = (
				"${PODS_ROOT}/Target Support Files/Pods-ImageGallery/Pods-ImageGallery-frameworks-${CONFIGURATION}-input-files.xcfilelist",
			);
			name = "[CP] Embed Pods Frameworks";
			outputFileListPaths = (
				"${PODS_ROOT}/Target Support Files/Pods-ImageGallery/Pods-ImageGallery-frameworks-${CONFIGURATION}-output-files.xcfilelist",
			);
			runOnlyForDeploymentPostprocessing = 0;
			shellPath = /bin/sh;
			shellScript = "\"${PODS_ROOT}/Target Support Files/Pods-ImageGallery/Pods-ImageGallery-frameworks.sh\"\n";
			showEnvVarsInLog = 0;
		};
/* End PBXShellScriptBuildPhase section */

/* Begin PBXSourcesBuildPhase section */
		109C24FE267897000073D78C /* Sources */ = {
			isa = PBXSourcesBuildPhase;
			buildActionMask = 2147483647;
			files = (
				109C256A2678C5C10073D78C /* PictureDetailsInteractor.swift in Sources */,
				109C25562678AA190073D78C /* Dependencies.swift in Sources */,
				109C254A2678A3140073D78C /* AuthorizationService.swift in Sources */,
				109C25462678A1EF0073D78C /* AuthorizationRouter.swift in Sources */,
				109C255A2678AD4B0073D78C /* ImageGridViewPresenter.swift in Sources */,
				109C250A267897000073D78C /* ImageGridViewController.swift in Sources */,
				109C253E26789DC40073D78C /* APIRequestRouter.swift in Sources */,
				109C25642678C23B0073D78C /* PictureDetailsViewController.swift in Sources */,
				109C2506267897000073D78C /* AppDelegate.swift in Sources */,
				109C254C2678A39B0073D78C /* Constants.swift in Sources */,
				109C253B267898670073D78C /* NetworkService.swift in Sources */,
				109C25602678B5220073D78C /* PictureCollectionViewCell.swift in Sources */,
				109C25512678A6470073D78C /* DataFetchingService.swift in Sources */,
				109C254F2678A4F80073D78C /* DataFetchingRouter.swift in Sources */,
				109C256C2678C86D0073D78C /* DetailedPicture.swift in Sources */,
				109C25682678C41D0073D78C /* ImageGridRouter.swift in Sources */,
				109C2508267897000073D78C /* SceneDelegate.swift in Sources */,
				109C25582678AC060073D78C /* ImageGridViewInteractor.swift in Sources */,
				109C255C2678B46B0073D78C /* ImageGridViewController+DataSource.swift in Sources */,
				109C256E2678CE440073D78C /* AlertShowable.swift in Sources */,
				109C25482678A2A20073D78C /* AuthorizationResponse.swift in Sources */,
				109C254026789E000073D78C /* RequestRetrier.swift in Sources */,
				109C25662678C2F20073D78C /* PictureDetailsPresenter.swift in Sources */,
				109C25532678A6B80073D78C /* FetchImagesResponse.swift in Sources */,
			);
			runOnlyForDeploymentPostprocessing = 0;
		};
		109C2514267897010073D78C /* Sources */ = {
			isa = PBXSourcesBuildPhase;
			buildActionMask = 2147483647;
			files = (
				109C251D267897010073D78C /* ImageGalleryTests.swift in Sources */,
			);
			runOnlyForDeploymentPostprocessing = 0;
		};
		109C251F267897010073D78C /* Sources */ = {
			isa = PBXSourcesBuildPhase;
			buildActionMask = 2147483647;
			files = (
				109C2528267897010073D78C /* ImageGalleryUITests.swift in Sources */,
			);
			runOnlyForDeploymentPostprocessing = 0;
		};
/* End PBXSourcesBuildPhase section */

/* Begin PBXTargetDependency section */
		109C251A267897010073D78C /* PBXTargetDependency */ = {
			isa = PBXTargetDependency;
			target = 109C2501267897000073D78C /* ImageGallery */;
			targetProxy = 109C2519267897010073D78C /* PBXContainerItemProxy */;
		};
		109C2525267897010073D78C /* PBXTargetDependency */ = {
			isa = PBXTargetDependency;
			target = 109C2501267897000073D78C /* ImageGallery */;
			targetProxy = 109C2524267897010073D78C /* PBXContainerItemProxy */;
		};
/* End PBXTargetDependency section */

/* Begin PBXVariantGroup section */
		109C250B267897000073D78C /* Main.storyboard */ = {
			isa = PBXVariantGroup;
			children = (
				109C250C267897000073D78C /* Base */,
			);
			name = Main.storyboard;
			sourceTree = "<group>";
		};
		109C2510267897010073D78C /* LaunchScreen.storyboard */ = {
			isa = PBXVariantGroup;
			children = (
				109C2511267897010073D78C /* Base */,
			);
			name = LaunchScreen.storyboard;
			sourceTree = "<group>";
		};
/* End PBXVariantGroup section */

/* Begin XCBuildConfiguration section */
		109C252A267897010073D78C /* Debug */ = {
			isa = XCBuildConfiguration;
			buildSettings = {
				ALWAYS_SEARCH_USER_PATHS = NO;
				CLANG_ANALYZER_NONNULL = YES;
				CLANG_ANALYZER_NUMBER_OBJECT_CONVERSION = YES_AGGRESSIVE;
				CLANG_CXX_LANGUAGE_STANDARD = "gnu++14";
				CLANG_CXX_LIBRARY = "libc++";
				CLANG_ENABLE_MODULES = YES;
				CLANG_ENABLE_OBJC_ARC = YES;
				CLANG_ENABLE_OBJC_WEAK = YES;
				CLANG_WARN_BLOCK_CAPTURE_AUTORELEASING = YES;
				CLANG_WARN_BOOL_CONVERSION = YES;
				CLANG_WARN_COMMA = YES;
				CLANG_WARN_CONSTANT_CONVERSION = YES;
				CLANG_WARN_DEPRECATED_OBJC_IMPLEMENTATIONS = YES;
				CLANG_WARN_DIRECT_OBJC_ISA_USAGE = YES_ERROR;
				CLANG_WARN_DOCUMENTATION_COMMENTS = YES;
				CLANG_WARN_EMPTY_BODY = YES;
				CLANG_WARN_ENUM_CONVERSION = YES;
				CLANG_WARN_INFINITE_RECURSION = YES;
				CLANG_WARN_INT_CONVERSION = YES;
				CLANG_WARN_NON_LITERAL_NULL_CONVERSION = YES;
				CLANG_WARN_OBJC_IMPLICIT_RETAIN_SELF = YES;
				CLANG_WARN_OBJC_LITERAL_CONVERSION = YES;
				CLANG_WARN_OBJC_ROOT_CLASS = YES_ERROR;
				CLANG_WARN_QUOTED_INCLUDE_IN_FRAMEWORK_HEADER = YES;
				CLANG_WARN_RANGE_LOOP_ANALYSIS = YES;
				CLANG_WARN_STRICT_PROTOTYPES = YES;
				CLANG_WARN_SUSPICIOUS_MOVE = YES;
				CLANG_WARN_UNGUARDED_AVAILABILITY = YES_AGGRESSIVE;
				CLANG_WARN_UNREACHABLE_CODE = YES;
				CLANG_WARN__DUPLICATE_METHOD_MATCH = YES;
				COPY_PHASE_STRIP = NO;
				DEBUG_INFORMATION_FORMAT = dwarf;
				ENABLE_STRICT_OBJC_MSGSEND = YES;
				ENABLE_TESTABILITY = YES;
				GCC_C_LANGUAGE_STANDARD = gnu11;
				GCC_DYNAMIC_NO_PIC = NO;
				GCC_NO_COMMON_BLOCKS = YES;
				GCC_OPTIMIZATION_LEVEL = 0;
				GCC_PREPROCESSOR_DEFINITIONS = (
					"DEBUG=1",
					"$(inherited)",
				);
				GCC_WARN_64_TO_32_BIT_CONVERSION = YES;
				GCC_WARN_ABOUT_RETURN_TYPE = YES_ERROR;
				GCC_WARN_UNDECLARED_SELECTOR = YES;
				GCC_WARN_UNINITIALIZED_AUTOS = YES_AGGRESSIVE;
				GCC_WARN_UNUSED_FUNCTION = YES;
				GCC_WARN_UNUSED_VARIABLE = YES;
				IPHONEOS_DEPLOYMENT_TARGET = 14.5;
				MTL_ENABLE_DEBUG_INFO = INCLUDE_SOURCE;
				MTL_FAST_MATH = YES;
				ONLY_ACTIVE_ARCH = YES;
				SDKROOT = iphoneos;
				SWIFT_ACTIVE_COMPILATION_CONDITIONS = DEBUG;
				SWIFT_OPTIMIZATION_LEVEL = "-Onone";
			};
			name = Debug;
		};
		109C252B267897010073D78C /* Release */ = {
			isa = XCBuildConfiguration;
			buildSettings = {
				ALWAYS_SEARCH_USER_PATHS = NO;
				CLANG_ANALYZER_NONNULL = YES;
				CLANG_ANALYZER_NUMBER_OBJECT_CONVERSION = YES_AGGRESSIVE;
				CLANG_CXX_LANGUAGE_STANDARD = "gnu++14";
				CLANG_CXX_LIBRARY = "libc++";
				CLANG_ENABLE_MODULES = YES;
				CLANG_ENABLE_OBJC_ARC = YES;
				CLANG_ENABLE_OBJC_WEAK = YES;
				CLANG_WARN_BLOCK_CAPTURE_AUTORELEASING = YES;
				CLANG_WARN_BOOL_CONVERSION = YES;
				CLANG_WARN_COMMA = YES;
				CLANG_WARN_CONSTANT_CONVERSION = YES;
				CLANG_WARN_DEPRECATED_OBJC_IMPLEMENTATIONS = YES;
				CLANG_WARN_DIRECT_OBJC_ISA_USAGE = YES_ERROR;
				CLANG_WARN_DOCUMENTATION_COMMENTS = YES;
				CLANG_WARN_EMPTY_BODY = YES;
				CLANG_WARN_ENUM_CONVERSION = YES;
				CLANG_WARN_INFINITE_RECURSION = YES;
				CLANG_WARN_INT_CONVERSION = YES;
				CLANG_WARN_NON_LITERAL_NULL_CONVERSION = YES;
				CLANG_WARN_OBJC_IMPLICIT_RETAIN_SELF = YES;
				CLANG_WARN_OBJC_LITERAL_CONVERSION = YES;
				CLANG_WARN_OBJC_ROOT_CLASS = YES_ERROR;
				CLANG_WARN_QUOTED_INCLUDE_IN_FRAMEWORK_HEADER = YES;
				CLANG_WARN_RANGE_LOOP_ANALYSIS = YES;
				CLANG_WARN_STRICT_PROTOTYPES = YES;
				CLANG_WARN_SUSPICIOUS_MOVE = YES;
				CLANG_WARN_UNGUARDED_AVAILABILITY = YES_AGGRESSIVE;
				CLANG_WARN_UNREACHABLE_CODE = YES;
				CLANG_WARN__DUPLICATE_METHOD_MATCH = YES;
				COPY_PHASE_STRIP = NO;
				DEBUG_INFORMATION_FORMAT = "dwarf-with-dsym";
				ENABLE_NS_ASSERTIONS = NO;
				ENABLE_STRICT_OBJC_MSGSEND = YES;
				GCC_C_LANGUAGE_STANDARD = gnu11;
				GCC_NO_COMMON_BLOCKS = YES;
				GCC_WARN_64_TO_32_BIT_CONVERSION = YES;
				GCC_WARN_ABOUT_RETURN_TYPE = YES_ERROR;
				GCC_WARN_UNDECLARED_SELECTOR = YES;
				GCC_WARN_UNINITIALIZED_AUTOS = YES_AGGRESSIVE;
				GCC_WARN_UNUSED_FUNCTION = YES;
				GCC_WARN_UNUSED_VARIABLE = YES;
				IPHONEOS_DEPLOYMENT_TARGET = 14.5;
				MTL_ENABLE_DEBUG_INFO = NO;
				MTL_FAST_MATH = YES;
				SDKROOT = iphoneos;
				SWIFT_COMPILATION_MODE = wholemodule;
				SWIFT_OPTIMIZATION_LEVEL = "-O";
				VALIDATE_PRODUCT = YES;
			};
			name = Release;
		};
		109C252D267897010073D78C /* Debug */ = {
			isa = XCBuildConfiguration;
			baseConfigurationReference = 0629C10615B980562BFF4F9D /* Pods-ImageGallery.debug.xcconfig */;
			buildSettings = {
				ASSETCATALOG_COMPILER_APPICON_NAME = AppIcon;
				ASSETCATALOG_COMPILER_GLOBAL_ACCENT_COLOR_NAME = AccentColor;
				CODE_SIGN_STYLE = Automatic;
				INFOPLIST_FILE = ImageGallery/Info.plist;
				LD_RUNPATH_SEARCH_PATHS = (
					"$(inherited)",
					"@executable_path/Frameworks",
				);
				PRODUCT_BUNDLE_IDENTIFIER = Smetankin.ImageGallery;
				PRODUCT_NAME = "$(TARGET_NAME)";
				SWIFT_VERSION = 5.0;
				TARGETED_DEVICE_FAMILY = "1,2";
			};
			name = Debug;
		};
		109C252E267897010073D78C /* Release */ = {
			isa = XCBuildConfiguration;
			baseConfigurationReference = 2DA24A8A7C7CF706630BB78E /* Pods-ImageGallery.release.xcconfig */;
			buildSettings = {
				ASSETCATALOG_COMPILER_APPICON_NAME = AppIcon;
				ASSETCATALOG_COMPILER_GLOBAL_ACCENT_COLOR_NAME = AccentColor;
				CODE_SIGN_STYLE = Automatic;
				INFOPLIST_FILE = ImageGallery/Info.plist;
				LD_RUNPATH_SEARCH_PATHS = (
					"$(inherited)",
					"@executable_path/Frameworks",
				);
				PRODUCT_BUNDLE_IDENTIFIER = Smetankin.ImageGallery;
				PRODUCT_NAME = "$(TARGET_NAME)";
				SWIFT_VERSION = 5.0;
				TARGETED_DEVICE_FAMILY = "1,2";
			};
			name = Release;
		};
		109C2530267897010073D78C /* Debug */ = {
			isa = XCBuildConfiguration;
			buildSettings = {
				ALWAYS_EMBED_SWIFT_STANDARD_LIBRARIES = YES;
				BUNDLE_LOADER = "$(TEST_HOST)";
				CODE_SIGN_STYLE = Automatic;
				INFOPLIST_FILE = ImageGalleryTests/Info.plist;
				IPHONEOS_DEPLOYMENT_TARGET = 14.5;
				LD_RUNPATH_SEARCH_PATHS = (
					"$(inherited)",
					"@executable_path/Frameworks",
					"@loader_path/Frameworks",
				);
				PRODUCT_BUNDLE_IDENTIFIER = Smetankin.ImageGalleryTests;
				PRODUCT_NAME = "$(TARGET_NAME)";
				SWIFT_VERSION = 5.0;
				TARGETED_DEVICE_FAMILY = "1,2";
				TEST_HOST = "$(BUILT_PRODUCTS_DIR)/ImageGallery.app/ImageGallery";
			};
			name = Debug;
		};
		109C2531267897010073D78C /* Release */ = {
			isa = XCBuildConfiguration;
			buildSettings = {
				ALWAYS_EMBED_SWIFT_STANDARD_LIBRARIES = YES;
				BUNDLE_LOADER = "$(TEST_HOST)";
				CODE_SIGN_STYLE = Automatic;
				INFOPLIST_FILE = ImageGalleryTests/Info.plist;
				IPHONEOS_DEPLOYMENT_TARGET = 14.5;
				LD_RUNPATH_SEARCH_PATHS = (
					"$(inherited)",
					"@executable_path/Frameworks",
					"@loader_path/Frameworks",
				);
				PRODUCT_BUNDLE_IDENTIFIER = Smetankin.ImageGalleryTests;
				PRODUCT_NAME = "$(TARGET_NAME)";
				SWIFT_VERSION = 5.0;
				TARGETED_DEVICE_FAMILY = "1,2";
				TEST_HOST = "$(BUILT_PRODUCTS_DIR)/ImageGallery.app/ImageGallery";
			};
			name = Release;
		};
		109C2533267897010073D78C /* Debug */ = {
			isa = XCBuildConfiguration;
			buildSettings = {
				ALWAYS_EMBED_SWIFT_STANDARD_LIBRARIES = YES;
				CODE_SIGN_STYLE = Automatic;
				INFOPLIST_FILE = ImageGalleryUITests/Info.plist;
				LD_RUNPATH_SEARCH_PATHS = (
					"$(inherited)",
					"@executable_path/Frameworks",
					"@loader_path/Frameworks",
				);
				PRODUCT_BUNDLE_IDENTIFIER = Smetankin.ImageGalleryUITests;
				PRODUCT_NAME = "$(TARGET_NAME)";
				SWIFT_VERSION = 5.0;
				TARGETED_DEVICE_FAMILY = "1,2";
				TEST_TARGET_NAME = ImageGallery;
			};
			name = Debug;
		};
		109C2534267897010073D78C /* Release */ = {
			isa = XCBuildConfiguration;
			buildSettings = {
				ALWAYS_EMBED_SWIFT_STANDARD_LIBRARIES = YES;
				CODE_SIGN_STYLE = Automatic;
				INFOPLIST_FILE = ImageGalleryUITests/Info.plist;
				LD_RUNPATH_SEARCH_PATHS = (
					"$(inherited)",
					"@executable_path/Frameworks",
					"@loader_path/Frameworks",
				);
				PRODUCT_BUNDLE_IDENTIFIER = Smetankin.ImageGalleryUITests;
				PRODUCT_NAME = "$(TARGET_NAME)";
				SWIFT_VERSION = 5.0;
				TARGETED_DEVICE_FAMILY = "1,2";
				TEST_TARGET_NAME = ImageGallery;
			};
			name = Release;
		};
/* End XCBuildConfiguration section */

/* Begin XCConfigurationList section */
		109C24FD267897000073D78C /* Build configuration list for PBXProject "ImageGallery" */ = {
			isa = XCConfigurationList;
			buildConfigurations = (
				109C252A267897010073D78C /* Debug */,
				109C252B267897010073D78C /* Release */,
			);
			defaultConfigurationIsVisible = 0;
			defaultConfigurationName = Release;
		};
		109C252C267897010073D78C /* Build configuration list for PBXNativeTarget "ImageGallery" */ = {
			isa = XCConfigurationList;
			buildConfigurations = (
				109C252D267897010073D78C /* Debug */,
				109C252E267897010073D78C /* Release */,
			);
			defaultConfigurationIsVisible = 0;
			defaultConfigurationName = Release;
		};
		109C252F267897010073D78C /* Build configuration list for PBXNativeTarget "ImageGalleryTests" */ = {
			isa = XCConfigurationList;
			buildConfigurations = (
				109C2530267897010073D78C /* Debug */,
				109C2531267897010073D78C /* Release */,
			);
			defaultConfigurationIsVisible = 0;
			defaultConfigurationName = Release;
		};
		109C2532267897010073D78C /* Build configuration list for PBXNativeTarget "ImageGalleryUITests" */ = {
			isa = XCConfigurationList;
			buildConfigurations = (
				109C2533267897010073D78C /* Debug */,
				109C2534267897010073D78C /* Release */,
			);
			defaultConfigurationIsVisible = 0;
			defaultConfigurationName = Release;
		};
/* End XCConfigurationList section */
	};
	rootObject = 109C24FA267897000073D78C /* Project object */;
}
